
Microsoft Visual Studio Solution File, Format Version 12.00
# Visual Studio Version 17
VisualStudioVersion = 17.1.32210.238
MinimumVisualStudioVersion = 10.0.40219.1
Project("{8BC9CEB8-8B4A-11D0-8D11-00A0C91BC942}") = "CompilerProject", "CompilerProject\CompilerProject.vcxproj", "{479EAE25-73C5-45AC-89CD-5A0B8B818A76}"
EndProject
Global
	GlobalSection(SolutionConfigurationPlatforms) = preSolution
		Debug|x64 = Debug|x64
		Debug|x86 = Debug|x86
		Release|x64 = Release|x64
		Release|x86 = Release|x86
	EndGlobalSection
	GlobalSection(ProjectConfigurationPlatforms) = postSolution
		{479EAE25-73C5-45AC-89CD-5A0B8B818A76}.Debug|x64.ActiveCfg = Debug|x64
		{479EAE25-73C5-45AC-89CD-5A0B8B818A76}.Debug|x64.Build.0 = Debug|x64
		{479EAE25-73C5-45AC-89CD-5A0B8B818A76}.Debug|x86.ActiveCfg = Debug|Win32
		{479EAE25-73C5-45AC-89CD-5A0B8B818A76}.Debug|x86.Build.0 = Debug|Win32
		{479EAE25-73C5-45AC-89CD-5A0B8B818A76}.Release|x64.ActiveCfg = Release|x64
		{479EAE25-73C5-45AC-89CD-5A0B8B818A76}.Release|x64.Build.0 = Release|x64
		{479EAE25-73C5-45AC-89CD-5A0B8B818A76}.Release|x86.ActiveCfg = Release|Win32
		{479EAE25-73C5-45AC-89CD-5A0B8B818A76}.Release|x86.Build.0 = Release|Win32
	EndGlobalSection
	GlobalSection(SolutionProperties) = preSolution
		HideSolutionNode = FALSE
	EndGlobalSection
	GlobalSection(ExtensibilityGlobals) = postSolution
		SolutionGuid = {DFC9C98F-5265-4032-B8D0-DA085D6AEE65}
	EndGlobalSection
EndGlobal
